
Microsoft Visual Studio Solution File, Format Version 12.00
# Visual Studio Version 16
VisualStudioVersion = 25.0.1706.7
MinimumVisualStudioVersion = 10.0.40219.1
Project("{FAE04EC0-301F-11D3-BF4B-00C04F79EFBC}") = "SoftwareGestion", "SoftwareGestion.csproj", "{78DA7EF0-5D99-42E3-9E8F-C43BB2892231}"
EndProject
Global
	GlobalSection(SolutionConfigurationPlatforms) = preSolution
		Debug|Any CPU = Debug|Any CPU
		Release|Any CPU = Release|Any CPU
	EndGlobalSection
	GlobalSection(ProjectConfigurationPlatforms) = postSolution
		{78DA7EF0-5D99-42E3-9E8F-C43BB2892231}.Debug|Any CPU.ActiveCfg = Debug|Any CPU
		{78DA7EF0-5D99-42E3-9E8F-C43BB2892231}.Debug|Any CPU.Build.0 = Debug|Any CPU
		{78DA7EF0-5D99-42E3-9E8F-C43BB2892231}.Release|Any CPU.ActiveCfg = Release|Any CPU
		{78DA7EF0-5D99-42E3-9E8F-C43BB2892231}.Release|Any CPU.Build.0 = Release|Any CPU
	EndGlobalSection
	GlobalSection(SolutionProperties) = preSolution
		HideSolutionNode = FALSE
	EndGlobalSection
	GlobalSection(ExtensibilityGlobals) = postSolution
		SolutionGuid = {A2FC27F9-81FB-42BF-A5B0-C89D173ACA26}
	EndGlobalSection
EndGlobal
